
Microsoft Visual Studio Solution File, Format Version 12.00
Project("{FAE04EC0-301F-11D3-BF4B-00C04F79EFBC}") = "DiscordGameSDKWrapper", "DiscordGameSDKWrapper\DiscordGameSDKWrapper.csproj", "{2B0A387A-3EEC-41EB-9460-072365EB1B97}"
EndProject
Project("{FAE04EC0-301F-11D3-BF4B-00C04F79EFBC}") = "DiscordGameSDKWrapper.UnityEngine", "DiscordGameSDKWrapper.UnityEngine\DiscordGameSDKWrapper.UnityEngine.csproj", "{9EAAC56F-98E9-4258-A9AB-5FF830F0BC1B}"
EndProject
Global
	GlobalSection(SolutionConfigurationPlatforms) = preSolution
		Debug|Any CPU = Debug|Any CPU
		Release|Any CPU = Release|Any CPU
	EndGlobalSection
	GlobalSection(ProjectConfigurationPlatforms) = postSolution
		{2B0A387A-3EEC-41EB-9460-072365EB1B97}.Debug|Any CPU.ActiveCfg = Debug|Any CPU
		{2B0A387A-3EEC-41EB-9460-072365EB1B97}.Debug|Any CPU.Build.0 = Debug|Any CPU
		{2B0A387A-3EEC-41EB-9460-072365EB1B97}.Release|Any CPU.ActiveCfg = Release|Any CPU
		{2B0A387A-3EEC-41EB-9460-072365EB1B97}.Release|Any CPU.Build.0 = Release|Any CPU
		{9EAAC56F-98E9-4258-A9AB-5FF830F0BC1B}.Debug|Any CPU.ActiveCfg = Debug|Any CPU
		{9EAAC56F-98E9-4258-A9AB-5FF830F0BC1B}.Debug|Any CPU.Build.0 = Debug|Any CPU
		{9EAAC56F-98E9-4258-A9AB-5FF830F0BC1B}.Release|Any CPU.ActiveCfg = Release|Any CPU
		{9EAAC56F-98E9-4258-A9AB-5FF830F0BC1B}.Release|Any CPU.Build.0 = Release|Any CPU
	EndGlobalSection
EndGlobal
